// !$*UTF8*$!
{
	archiveVersion = 1;
	classes = {
	};
	objectVersion = 50;
	objects = {

/* Begin PBXBuildFile section */
		5B1CF167211624E8000443AD /* AppDelegate.swift in Sources */ = {isa = PBXBuildFile; fileRef = 5B1CF166211624E8000443AD /* AppDelegate.swift */; };
		5B1CF169211624E8000443AD /* ViewController.swift in Sources */ = {isa = PBXBuildFile; fileRef = 5B1CF168211624E8000443AD /* ViewController.swift */; };
		5B1CF16C211624E8000443AD /* Main.storyboard in Resources */ = {isa = PBXBuildFile; fileRef = 5B1CF16A211624E8000443AD /* Main.storyboard */; };
		5B1CF16E211624E9000443AD /* Assets.xcassets in Resources */ = {isa = PBXBuildFile; fileRef = 5B1CF16D211624E9000443AD /* Assets.xcassets */; };
		5B1CF171211624E9000443AD /* LaunchScreen.storyboard in Resources */ = {isa = PBXBuildFile; fileRef = 5B1CF16F211624E9000443AD /* LaunchScreen.storyboard */; };
		5B1CF17921162584000443AD /* OrangeVC.swift in Sources */ = {isa = PBXBuildFile; fileRef = 5B1CF17821162584000443AD /* OrangeVC.swift */; };
		5B1CF17B21163D5E000443AD /* TestVC.swift in Sources */ = {isa = PBXBuildFile; fileRef = 5B1CF17A21163D5E000443AD /* TestVC.swift */; };
		5B1CF17D2116DAC7000443AD /* VC1.swift in Sources */ = {isa = PBXBuildFile; fileRef = 5B1CF17C2116DAC7000443AD /* VC1.swift */; };
		5B1CF17F2116DAD2000443AD /* VC2.swift in Sources */ = {isa = PBXBuildFile; fileRef = 5B1CF17E2116DAD2000443AD /* VC2.swift */; };
/* End PBXBuildFile section */

/* Begin PBXFileReference section */
		5B1CF163211624E8000443AD /* LK3DTouch.app */ = {isa = PBXFileReference; explicitFileType = wrapper.application; includeInIndex = 0; path = LK3DTouch.app; sourceTree = BUILT_PRODUCTS_DIR; };
		5B1CF166211624E8000443AD /* AppDelegate.swift */ = {isa = PBXFileReference; lastKnownFileType = sourcecode.swift; path = AppDelegate.swift; sourceTree = "<group>"; };
		5B1CF168211624E8000443AD /* ViewController.swift */ = {isa = PBXFileReference; lastKnownFileType = sourcecode.swift; path = ViewController.swift; sourceTree = "<group>"; };
		5B1CF16B211624E8000443AD /* Base */ = {isa = PBXFileReference; lastKnownFileType = file.storyboard; name = Base; path = Base.lproj/Main.storyboard; sourceTree = "<group>"; };
		5B1CF16D211624E9000443AD /* Assets.xcassets */ = {isa = PBXFileReference; lastKnownFileType = folder.assetcatalog; path = Assets.xcassets; sourceTree = "<group>"; };
		5B1CF170211624E9000443AD /* Base */ = {isa = PBXFileReference; lastKnownFileType = file.storyboard; name = Base; path = Base.lproj/LaunchScreen.storyboard; sourceTree = "<group>"; };
		5B1CF172211624E9000443AD /* Info.plist */ = {isa = PBXFileReference; lastKnownFileType = text.plist.xml; path = Info.plist; sourceTree = "<group>"; };
		5B1CF17821162584000443AD /* OrangeVC.swift */ = {isa = PBXFileReference; lastKnownFileType = sourcecode.swift; path = OrangeVC.swift; sourceTree = "<group>"; };
		5B1CF17A21163D5E000443AD /* TestVC.swift */ = {isa = PBXFileReference; lastKnownFileType = sourcecode.swift; path = TestVC.swift; sourceTree = "<group>"; };
		5B1CF17C2116DAC7000443AD /* VC1.swift */ = {isa = PBXFileReference; lastKnownFileType = sourcecode.swift; path = VC1.swift; sourceTree = "<group>"; };
		5B1CF17E2116DAD2000443AD /* VC2.swift */ = {isa = PBXFileReference; lastKnownFileType = sourcecode.swift; path = VC2.swift; sourceTree = "<group>"; };
/* End PBXFileReference section */

/* Begin PBXFrameworksBuildPhase section */
		5B1CF160211624E8000443AD /* Frameworks */ = {
			isa = PBXFrameworksBuildPhase;
			buildActionMask = 2147483647;
			files = (
			);
			runOnlyForDeploymentPostprocessing = 0;
		};
/* End PBXFrameworksBuildPhase section */

/* Begin PBXGroup section */
		5B1CF15A211624E8000443AD = {
			isa = PBXGroup;
			children = (
				5B1CF165211624E8000443AD /* LK3DTouch */,
				5B1CF164211624E8000443AD /* Products */,
			);
			sourceTree = "<group>";
		};
		5B1CF164211624E8000443AD /* Products */ = {
			isa = PBXGroup;
			children = (
				5B1CF163211624E8000443AD /* LK3DTouch.app */,
			);
			name = Products;
			sourceTree = "<group>";
		};
		5B1CF165211624E8000443AD /* LK3DTouch */ = {
			isa = PBXGroup;
			children = (
				5B1CF166211624E8000443AD /* AppDelegate.swift */,
				5B1CF168211624E8000443AD /* ViewController.swift */,
				5B1CF17821162584000443AD /* OrangeVC.swift */,
				5B1CF17A21163D5E000443AD /* TestVC.swift */,
				5B1CF16A211624E8000443AD /* Main.storyboard */,
				5B1CF17C2116DAC7000443AD /* VC1.swift */,
				5B1CF17E2116DAD2000443AD /* VC2.swift */,
				5B1CF16D211624E9000443AD /* Assets.xcassets */,
				5B1CF16F211624E9000443AD /* LaunchScreen.storyboard */,
				5B1CF172211624E9000443AD /* Info.plist */,
			);
			path = LK3DTouch;
			sourceTree = "<group>";
		};
/* End PBXGroup section */

/* Begin PBXNativeTarget section */
		5B1CF162211624E8000443AD /* LK3DTouch */ = {
			isa = PBXNativeTarget;
			buildConfigurationList = 5B1CF175211624E9000443AD /* Build configuration list for PBXNativeTarget "LK3DTouch" */;
			buildPhases = (
				5B1CF15F211624E8000443AD /* Sources */,
				5B1CF160211624E8000443AD /* Frameworks */,
				5B1CF161211624E8000443AD /* Resources */,
			);
			buildRules = (
			);
			dependencies = (
			);
			name = LK3DTouch;
			productName = LK3DTouch;
			productReference = 5B1CF163211624E8000443AD /* LK3DTouch.app */;
			productType = "com.apple.product-type.application";
		};
/* End PBXNativeTarget section */

/* Begin PBXProject section */
		5B1CF15B211624E8000443AD /* Project object */ = {
			isa = PBXProject;
			attributes = {
				LastSwiftUpdateCheck = 0940;
				LastUpgradeCheck = 0940;
				ORGANIZATIONNAME = abnboys;
				TargetAttributes = {
					5B1CF162211624E8000443AD = {
						CreatedOnToolsVersion = 9.4.1;
					};
				};
			};
			buildConfigurationList = 5B1CF15E211624E8000443AD /* Build configuration list for PBXProject "LK3DTouch" */;
			compatibilityVersion = "Xcode 9.3";
			developmentRegion = en;
			hasScannedForEncodings = 0;
			knownRegions = (
				en,
				Base,
			);
			mainGroup = 5B1CF15A211624E8000443AD;
			productRefGroup = 5B1CF164211624E8000443AD /* Products */;
			projectDirPath = "";
			projectRoot = "";
			targets = (
				5B1CF162211624E8000443AD /* LK3DTouch */,
			);
		};
/* End PBXProject section */

/* Begin PBXResourcesBuildPhase section */
		5B1CF161211624E8000443AD /* Resources */ = {
			isa = PBXResourcesBuildPhase;
			buildActionMask = 2147483647;
			files = (
				5B1CF171211624E9000443AD /* LaunchScreen.storyboard in Resources */,
				5B1CF16E211624E9000443AD /* Assets.xcassets in Resources */,
				5B1CF16C211624E8000443AD /* Main.storyboard in Resources */,
			);
			runOnlyForDeploymentPostprocessing = 0;
		};
/* End PBXResourcesBuildPhase section */

/* Begin PBXSourcesBuildPhase section */
		5B1CF15F211624E8000443AD /* Sources */ = {
			isa = PBXSourcesBuildPhase;
			buildActionMask = 2147483647;
			files = (
				5B1CF17B21163D5E000443AD /* TestVC.swift in Sources */,
				5B1CF17921162584000443AD /* OrangeVC.swift in Sources */,
				5B1CF17D2116DAC7000443AD /* VC1.swift in Sources */,
				5B1CF17F2116DAD2000443AD /* VC2.swift in Sources */,
				5B1CF169211624E8000443AD /* ViewController.swift in Sources */,
				5B1CF167211624E8000443AD /* AppDelegate.swift in Sources */,
			);
			runOnlyForDeploymentPostprocessing = 0;
		};
/* End PBXSourcesBuildPhase section */

/* Begin PBXVariantGroup section */
		5B1CF16A211624E8000443AD /* Main.storyboard */ = {
			isa = PBXVariantGroup;
			children = (
				5B1CF16B211624E8000443AD /* Base */,
			);
			name = Main.storyboard;
			sourceTree = "<group>";
		};
		5B1CF16F211624E9000443AD /* LaunchScreen.storyboard */ = {
			isa = PBXVariantGroup;
			children = (
				5B1CF170211624E9000443AD /* Base */,
			);
			name = LaunchScreen.storyboard;
			sourceTree = "<group>";
		};
/* End PBXVariantGroup section */

/* Begin XCBuildConfiguration section */
		5B1CF173211624E9000443AD /* Debug */ = {
			isa = XCBuildConfiguration;
			buildSettings = {
				ALWAYS_SEARCH_USER_PATHS = NO;
				CLANG_ANALYZER_NONNULL = YES;
				CLANG_ANALYZER_NUMBER_OBJECT_CONVERSION = YES_AGGRESSIVE;
				CLANG_CXX_LANGUAGE_STANDARD = "gnu++14";
				CLANG_CXX_LIBRARY = "libc++";
				CLANG_ENABLE_MODULES = YES;
				CLANG_ENABLE_OBJC_ARC = YES;
				CLANG_ENABLE_OBJC_WEAK = YES;
				CLANG_WARN_BLOCK_CAPTURE_AUTORELEASING = YES;
				CLANG_WARN_BOOL_CONVERSION = YES;
				CLANG_WARN_COMMA = YES;
				CLANG_WARN_CONSTANT_CONVERSION = YES;
				CLANG_WARN_DEPRECATED_OBJC_IMPLEMENTATIONS = YES;
				CLANG_WARN_DIRECT_OBJC_ISA_USAGE = YES_ERROR;
				CLANG_WARN_DOCUMENTATION_COMMENTS = YES;
				CLANG_WARN_EMPTY_BODY = YES;
				CLANG_WARN_ENUM_CONVERSION = YES;
				CLANG_WARN_INFINITE_RECURSION = YES;
				CLANG_WARN_INT_CONVERSION = YES;
				CLANG_WARN_NON_LITERAL_NULL_CONVERSION = YES;
				CLANG_WARN_OBJC_IMPLICIT_RETAIN_SELF = YES;
				CLANG_WARN_OBJC_LITERAL_CONVERSION = YES;
				CLANG_WARN_OBJC_ROOT_CLASS = YES_ERROR;
				CLANG_WARN_RANGE_LOOP_ANALYSIS = YES;
				CLANG_WARN_STRICT_PROTOTYPES = YES;
				CLANG_WARN_SUSPICIOUS_MOVE = YES;
				CLANG_WARN_UNGUARDED_AVAILABILITY = YES_AGGRESSIVE;
				CLANG_WARN_UNREACHABLE_CODE = YES;
				CLANG_WARN__DUPLICATE_METHOD_MATCH = YES;
				CODE_SIGN_IDENTITY = "iPhone Developer";
				COPY_PHASE_STRIP = NO;
				DEBUG_INFORMATION_FORMAT = dwarf;
				ENABLE_STRICT_OBJC_MSGSEND = YES;
				ENABLE_TESTABILITY = YES;
				GCC_C_LANGUAGE_STANDARD = gnu11;
				GCC_DYNAMIC_NO_PIC = NO;
				GCC_NO_COMMON_BLOCKS = YES;
				GCC_OPTIMIZATION_LEVEL = 0;
				GCC_PREPROCESSOR_DEFINITIONS = (
					"DEBUG=1",
					"$(inherited)",
				);
				GCC_WARN_64_TO_32_BIT_CONVERSION = YES;
				GCC_WARN_ABOUT_RETURN_TYPE = YES_ERROR;
				GCC_WARN_UNDECLARED_SELECTOR = YES;
				GCC_WARN_UNINITIALIZED_AUTOS = YES_AGGRESSIVE;
				GCC_WARN_UNUSED_FUNCTION = YES;
				GCC_WARN_UNUSED_VARIABLE = YES;
				IPHONEOS_DEPLOYMENT_TARGET = 11.4;
				MTL_ENABLE_DEBUG_INFO = YES;
				ONLY_ACTIVE_ARCH = YES;
				SDKROOT = iphoneos;
				SWIFT_ACTIVE_COMPILATION_CONDITIONS = DEBUG;
				SWIFT_OPTIMIZATION_LEVEL = "-Onone";
			};
			name = Debug;
		};
		5B1CF174211624E9000443AD /* Release */ = {
			isa = XCBuildConfiguration;
			buildSettings = {
				ALWAYS_SEARCH_USER_PATHS = NO;
				CLANG_ANALYZER_NONNULL = YES;
				CLANG_ANALYZER_NUMBER_OBJECT_CONVERSION = YES_AGGRESSIVE;
				CLANG_CXX_LANGUAGE_STANDARD = "gnu++14";
				CLANG_CXX_LIBRARY = "libc++";
				CLANG_ENABLE_MODULES = YES;
				CLANG_ENABLE_OBJC_ARC = YES;
				CLANG_ENABLE_OBJC_WEAK = YES;
				CLANG_WARN_BLOCK_CAPTURE_AUTORELEASING = YES;
				CLANG_WARN_BOOL_CONVERSION = YES;
				CLANG_WARN_COMMA = YES;
				CLANG_WARN_CONSTANT_CONVERSION = YES;
				CLANG_WARN_DEPRECATED_OBJC_IMPLEMENTATIONS = YES;
				CLANG_WARN_DIRECT_OBJC_ISA_USAGE = YES_ERROR;
				CLANG_WARN_DOCUMENTATION_COMMENTS = YES;
				CLANG_WARN_EMPTY_BODY = YES;
				CLANG_WARN_ENUM_CONVERSION = YES;
				CLANG_WARN_INFINITE_RECURSION = YES;
				CLANG_WARN_INT_CONVERSION = YES;
				CLANG_WARN_NON_LITERAL_NULL_CONVERSION = YES;
				CLANG_WARN_OBJC_IMPLICIT_RETAIN_SELF = YES;
				CLANG_WARN_OBJC_LITERAL_CONVERSION = YES;
				CLANG_WARN_OBJC_ROOT_CLASS = YES_ERROR;
				CLANG_WARN_RANGE_LOOP_ANALYSIS = YES;
				CLANG_WARN_STRICT_PROTOTYPES = YES;
				CLANG_WARN_SUSPICIOUS_MOVE = YES;
				CLANG_WARN_UNGUARDED_AVAILABILITY = YES_AGGRESSIVE;
				CLANG_WARN_UNREACHABLE_CODE = YES;
				CLANG_WARN__DUPLICATE_METHOD_MATCH = YES;
				CODE_SIGN_IDENTITY = "iPhone Developer";
				COPY_PHASE_STRIP = NO;
				DEBUG_INFORMATION_FORMAT = "dwarf-with-dsym";
				ENABLE_NS_ASSERTIONS = NO;
				ENABLE_STRICT_OBJC_MSGSEND = YES;
				GCC_C_LANGUAGE_STANDARD = gnu11;
				GCC_NO_COMMON_BLOCKS = YES;
				GCC_WARN_64_TO_32_BIT_CONVERSION = YES;
				GCC_WARN_ABOUT_RETURN_TYPE = YES_ERROR;
				GCC_WARN_UNDECLARED_SELECTOR = YES;
				GCC_WARN_UNINITIALIZED_AUTOS = YES_AGGRESSIVE;
				GCC_WARN_UNUSED_FUNCTION = YES;
				GCC_WARN_UNUSED_VARIABLE = YES;
				IPHONEOS_DEPLOYMENT_TARGET = 11.4;
				MTL_ENABLE_DEBUG_INFO = NO;
				SDKROOT = iphoneos;
				SWIFT_COMPILATION_MODE = wholemodule;
				SWIFT_OPTIMIZATION_LEVEL = "-O";
				VALIDATE_PRODUCT = YES;
			};
			name = Release;
		};
		5B1CF176211624E9000443AD /* Debug */ = {
			isa = XCBuildConfiguration;
			buildSettings = {
				ASSETCATALOG_COMPILER_APPICON_NAME = AppIcon;
				CODE_SIGN_STYLE = Automatic;
				DEVELOPMENT_TEAM = Q783J47277;
				INFOPLIST_FILE = LK3DTouch/Info.plist;
				LD_RUNPATH_SEARCH_PATHS = (
					"$(inherited)",
					"@executable_path/Frameworks",
				);
				PRODUCT_BUNDLE_IDENTIFIER = abn.LK3DTouch;
				PRODUCT_NAME = "$(TARGET_NAME)";
				SWIFT_VERSION = 4.0;
				TARGETED_DEVICE_FAMILY = "1,2";
			};
			name = Debug;
		};
		5B1CF177211624E9000443AD /* Release */ = {
			isa = XCBuildConfiguration;
			buildSettings = {
				ASSETCATALOG_COMPILER_APPICON_NAME = AppIcon;
				CODE_SIGN_STYLE = Automatic;
				DEVELOPMENT_TEAM = Q783J47277;
				INFOPLIST_FILE = LK3DTouch/Info.plist;
				LD_RUNPATH_SEARCH_PATHS = (
					"$(inherited)",
					"@executable_path/Frameworks",
				);
				PRODUCT_BUNDLE_IDENTIFIER = abn.LK3DTouch;
				PRODUCT_NAME = "$(TARGET_NAME)";
				SWIFT_VERSION = 4.0;
				TARGETED_DEVICE_FAMILY = "1,2";
			};
			name = Release;
		};
/* End XCBuildConfiguration section */

/* Begin XCConfigurationList section */
		5B1CF15E211624E8000443AD /* Build configuration list for PBXProject "LK3DTouch" */ = {
			isa = XCConfigurationList;
			buildConfigurations = (
				5B1CF173211624E9000443AD /* Debug */,
				5B1CF174211624E9000443AD /* Release */,
			);
			defaultConfigurationIsVisible = 0;
			defaultConfigurationName = Release;
		};
		5B1CF175211624E9000443AD /* Build configuration list for PBXNativeTarget "LK3DTouch" */ = {
			isa = XCConfigurationList;
			buildConfigurations = (
				5B1CF176211624E9000443AD /* Debug */,
				5B1CF177211624E9000443AD /* Release */,
			);
			defaultConfigurationIsVisible = 0;
			defaultConfigurationName = Release;
		};
/* End XCConfigurationList section */
	};
	rootObject = 5B1CF15B211624E8000443AD /* Project object */;
}
